{
  "version": 4,
  "terraform_version": "1.9.1",
  "serial": 1,
  "lineage": "d55fa0fd-a6b6-b5e7-ca31-eaf4d1a82752",
  "outputs": {},
  "resources": [
    {
      "mode": "managed",
      "type": "github_branch",
      "name": "development",
      "provider": "provider[\"registry.terraform.io/integrations/github\"]",
      "instances": [
        {
          "schema_version": 0,
          "attributes": {
            "branch": "sdks",
            "etag": "W/\"f11c5c95c9895a0c99570f59ec75b37f67f0ffc67073cc1dec604755a9aaa361\"",
            "id": "github-practice:sdks",
            "ref": "refs/heads/sdks",
            "repository": "github-practice",
            "sha": "540ff2ca4f51a4bb65314fd756a56935a7458850",
            "source_branch": "main",
            "source_sha": "540ff2ca4f51a4bb65314fd756a56935a7458850"
          },
          "sensitive_attributes": [],
          "private": "bnVsbA=="
        }
      ]
    }
  ],
  "check_results": null
}
